
Microsoft Visual Studio Solution File, Format Version 12.00
# Visual Studio Version 16
VisualStudioVersion = 16.0.31005.135
MinimumVisualStudioVersion = 10.0.40219.1
Project("{FAE04EC0-301F-11D3-BF4B-00C04F79EFBC}") = "Inventory Management System", "Inventory Management System\Inventory Management System.csproj", "{A31DD6F2-ECFA-47EA-B344-C41030A2100A}"
EndProject
Global
	GlobalSection(SolutionConfigurationPlatforms) = preSolution
		Debug|Any CPU = Debug|Any CPU
		Release|Any CPU = Release|Any CPU
	EndGlobalSection
	GlobalSection(ProjectConfigurationPlatforms) = postSolution
		{A31DD6F2-ECFA-47EA-B344-C41030A2100A}.Debug|Any CPU.ActiveCfg = Debug|Any CPU
		{A31DD6F2-ECFA-47EA-B344-C41030A2100A}.Debug|Any CPU.Build.0 = Debug|Any CPU
		{A31DD6F2-ECFA-47EA-B344-C41030A2100A}.Release|Any CPU.ActiveCfg = Release|Any CPU
		{A31DD6F2-ECFA-47EA-B344-C41030A2100A}.Release|Any CPU.Build.0 = Release|Any CPU
	EndGlobalSection
	GlobalSection(SolutionProperties) = preSolution
		HideSolutionNode = FALSE
	EndGlobalSection
	GlobalSection(ExtensibilityGlobals) = postSolution
		SolutionGuid = {3CACA744-CB59-4A4C-8C63-0A4B5D969CCE}
	EndGlobalSection
EndGlobal
